// !$*UTF8*$!
{
	archiveVersion = 1;
	classes = {
	};
	objectVersion = 46;
	objects = {

/* Begin PBXBuildFile section */
		B012B0251B018E2D00382715 /* Foundation.framework in Frameworks */ = {isa = PBXBuildFile; fileRef = B012B0241B018E2D00382715 /* Foundation.framework */; };
		B012B0271B018E2D00382715 /* CoreGraphics.framework in Frameworks */ = {isa = PBXBuildFile; fileRef = B012B0261B018E2D00382715 /* CoreGraphics.framework */; };
		B012B0291B018E2D00382715 /* UIKit.framework in Frameworks */ = {isa = PBXBuildFile; fileRef = B012B0281B018E2D00382715 /* UIKit.framework */; };
		B012B02F1B018E2D00382715 /* InfoPlist.strings in Resources */ = {isa = PBXBuildFile; fileRef = B012B02D1B018E2D00382715 /* InfoPlist.strings */; };
		B012B0311B018E2D00382715 /* main.m in Sources */ = {isa = PBXBuildFile; fileRef = B012B0301B018E2D00382715 /* main.m */; };
		B012B0351B018E2D00382715 /* QFAppDelegate.m in Sources */ = {isa = PBXBuildFile; fileRef = B012B0341B018E2D00382715 /* QFAppDelegate.m */; };
		B012B0371B018E2D00382715 /* Images.xcassets in Resources */ = {isa = PBXBuildFile; fileRef = B012B0361B018E2D00382715 /* Images.xcassets */; };
		B012B03E1B018E2E00382715 /* XCTest.framework in Frameworks */ = {isa = PBXBuildFile; fileRef = B012B03D1B018E2E00382715 /* XCTest.framework */; };
		B012B03F1B018E2E00382715 /* Foundation.framework in Frameworks */ = {isa = PBXBuildFile; fileRef = B012B0241B018E2D00382715 /* Foundation.framework */; };
		B012B0401B018E2E00382715 /* UIKit.framework in Frameworks */ = {isa = PBXBuildFile; fileRef = B012B0281B018E2D00382715 /* UIKit.framework */; };
		B012B0481B018E2E00382715 /* InfoPlist.strings in Resources */ = {isa = PBXBuildFile; fileRef = B012B0461B018E2E00382715 /* InfoPlist.strings */; };
		B012B04A1B018E2E00382715 /* FirstBloodTests.m in Sources */ = {isa = PBXBuildFile; fileRef = B012B0491B018E2E00382715 /* FirstBloodTests.m */; };
/* End PBXBuildFile section */

/* Begin PBXContainerItemProxy section */
		B012B0411B018E2E00382715 /* PBXContainerItemProxy */ = {
			isa = PBXContainerItemProxy;
			containerPortal = B012B0191B018E2D00382715 /* Project object */;
			proxyType = 1;
			remoteGlobalIDString = B012B0201B018E2D00382715;
			remoteInfo = FirstBlood;
		};
/* End PBXContainerItemProxy section */

/* Begin PBXFileReference section */
		B012B0211B018E2D00382715 /* FirstBlood.app */ = {isa = PBXFileReference; explicitFileType = wrapper.application; includeInIndex = 0; path = FirstBlood.app; sourceTree = BUILT_PRODUCTS_DIR; };
		B012B0241B018E2D00382715 /* Foundation.framework */ = {isa = PBXFileReference; lastKnownFileType = wrapper.framework; name = Foundation.framework; path = System/Library/Frameworks/Foundation.framework; sourceTree = SDKROOT; };
		B012B0261B018E2D00382715 /* CoreGraphics.framework */ = {isa = PBXFileReference; lastKnownFileType = wrapper.framework; name = CoreGraphics.framework; path = System/Library/Frameworks/CoreGraphics.framework; sourceTree = SDKROOT; };
		B012B0281B018E2D00382715 /* UIKit.framework */ = {isa = PBXFileReference; lastKnownFileType = wrapper.framework; name = UIKit.framework; path = System/Library/Frameworks/UIKit.framework; sourceTree = SDKROOT; };
		B012B02C1B018E2D00382715 /* FirstBlood-Info.plist */ = {isa = PBXFileReference; lastKnownFileType = text.plist.xml; path = "FirstBlood-Info.plist"; sourceTree = "<group>"; };
		B012B02E1B018E2D00382715 /* en */ = {isa = PBXFileReference; lastKnownFileType = text.plist.strings; name = en; path = en.lproj/InfoPlist.strings; sourceTree = "<group>"; };
		B012B0301B018E2D00382715 /* main.m */ = {isa = PBXFileReference; lastKnownFileType = sourcecode.c.objc; path = main.m; sourceTree = "<group>"; };
		B012B0321B018E2D00382715 /* FirstBlood-Prefix.pch */ = {isa = PBXFileReference; lastKnownFileType = sourcecode.c.h; path = "FirstBlood-Prefix.pch"; sourceTree = "<group>"; };
		B012B0331B018E2D00382715 /* QFAppDelegate.h */ = {isa = PBXFileReference; lastKnownFileType = sourcecode.c.h; path = QFAppDelegate.h; sourceTree = "<group>"; };
		B012B0341B018E2D00382715 /* QFAppDelegate.m */ = {isa = PBXFileReference; lastKnownFileType = sourcecode.c.objc; path = QFAppDelegate.m; sourceTree = "<group>"; };
		B012B0361B018E2D00382715 /* Images.xcassets */ = {isa = PBXFileReference; lastKnownFileType = folder.assetcatalog; path = Images.xcassets; sourceTree = "<group>"; };
		B012B03C1B018E2E00382715 /* FirstBloodTests.xctest */ = {isa = PBXFileReference; explicitFileType = wrapper.cfbundle; includeInIndex = 0; path = FirstBloodTests.xctest; sourceTree = BUILT_PRODUCTS_DIR; };
		B012B03D1B018E2E00382715 /* XCTest.framework */ = {isa = PBXFileReference; lastKnownFileType = wrapper.framework; name = XCTest.framework; path = Library/Frameworks/XCTest.framework; sourceTree = DEVELOPER_DIR; };
		B012B0451B018E2E00382715 /* FirstBloodTests-Info.plist */ = {isa = PBXFileReference; lastKnownFileType = text.plist.xml; path = "FirstBloodTests-Info.plist"; sourceTree = "<group>"; };
		B012B0471B018E2E00382715 /* en */ = {isa = PBXFileReference; lastKnownFileType = text.plist.strings; name = en; path = en.lproj/InfoPlist.strings; sourceTree = "<group>"; };
		B012B0491B018E2E00382715 /* FirstBloodTests.m */ = {isa = PBXFileReference; lastKnownFileType = sourcecode.c.objc; path = FirstBloodTests.m; sourceTree = "<group>"; };
/* End PBXFileReference section */

/* Begin PBXFrameworksBuildPhase section */
		B012B01E1B018E2D00382715 /* Frameworks */ = {
			isa = PBXFrameworksBuildPhase;
			buildActionMask = 2147483647;
			files = (
				B012B0271B018E2D00382715 /* CoreGraphics.framework in Frameworks */,
				B012B0291B018E2D00382715 /* UIKit.framework in Frameworks */,
				B012B0251B018E2D00382715 /* Foundation.framework in Frameworks */,
			);
			runOnlyForDeploymentPostprocessing = 0;
		};
		B012B0391B018E2E00382715 /* Frameworks */ = {
			isa = PBXFrameworksBuildPhase;
			buildActionMask = 2147483647;
			files = (
				B012B03E1B018E2E00382715 /* XCTest.framework in Frameworks */,
				B012B0401B018E2E00382715 /* UIKit.framework in Frameworks */,
				B012B03F1B018E2E00382715 /* Foundation.framework in Frameworks */,
			);
			runOnlyForDeploymentPostprocessing = 0;
		};
/* End PBXFrameworksBuildPhase section */

/* Begin PBXGroup section */
		B012B0181B018E2D00382715 = {
			isa = PBXGroup;
			children = (
				B012B02A1B018E2D00382715 /* FirstBlood */,
				B012B0431B018E2E00382715 /* FirstBloodTests */,
				B012B0231B018E2D00382715 /* Frameworks */,
				B012B0221B018E2D00382715 /* Products */,
			);
			sourceTree = "<group>";
		};
		B012B0221B018E2D00382715 /* Products */ = {
			isa = PBXGroup;
			children = (
				B012B0211B018E2D00382715 /* FirstBlood.app */,
				B012B03C1B018E2E00382715 /* FirstBloodTests.xctest */,
			);
			name = Products;
			sourceTree = "<group>";
		};
		B012B0231B018E2D00382715 /* Frameworks */ = {
			isa = PBXGroup;
			children = (
				B012B0241B018E2D00382715 /* Foundation.framework */,
				B012B0261B018E2D00382715 /* CoreGraphics.framework */,
				B012B0281B018E2D00382715 /* UIKit.framework */,
				B012B03D1B018E2E00382715 /* XCTest.framework */,
			);
			name = Frameworks;
			sourceTree = "<group>";
		};
		B012B02A1B018E2D00382715 /* FirstBlood */ = {
			isa = PBXGroup;
			children = (
				B012B0331B018E2D00382715 /* QFAppDelegate.h */,
				B012B0341B018E2D00382715 /* QFAppDelegate.m */,
				B012B0361B018E2D00382715 /* Images.xcassets */,
				B012B02B1B018E2D00382715 /* Supporting Files */,
			);
			path = FirstBlood;
			sourceTree = "<group>";
		};
		B012B02B1B018E2D00382715 /* Supporting Files */ = {
			isa = PBXGroup;
			children = (
				B012B02C1B018E2D00382715 /* FirstBlood-Info.plist */,
				B012B02D1B018E2D00382715 /* InfoPlist.strings */,
				B012B0301B018E2D00382715 /* main.m */,
				B012B0321B018E2D00382715 /* FirstBlood-Prefix.pch */,
			);
			name = "Supporting Files";
			sourceTree = "<group>";
		};
		B012B0431B018E2E00382715 /* FirstBloodTests */ = {
			isa = PBXGroup;
			children = (
				B012B0491B018E2E00382715 /* FirstBloodTests.m */,
				B012B0441B018E2E00382715 /* Supporting Files */,
			);
			path = FirstBloodTests;
			sourceTree = "<group>";
		};
		B012B0441B018E2E00382715 /* Supporting Files */ = {
			isa = PBXGroup;
			children = (
				B012B0451B018E2E00382715 /* FirstBloodTests-Info.plist */,
				B012B0461B018E2E00382715 /* InfoPlist.strings */,
			);
			name = "Supporting Files";
			sourceTree = "<group>";
		};
/* End PBXGroup section */

/* Begin PBXNativeTarget section */
		B012B0201B018E2D00382715 /* FirstBlood */ = {
			isa = PBXNativeTarget;
			buildConfigurationList = B012B04D1B018E2E00382715 /* Build configuration list for PBXNativeTarget "FirstBlood" */;
			buildPhases = (
				B012B01D1B018E2D00382715 /* Sources */,
				B012B01E1B018E2D00382715 /* Frameworks */,
				B012B01F1B018E2D00382715 /* Resources */,
			);
			buildRules = (
			);
			dependencies = (
			);
			name = FirstBlood;
			productName = FirstBlood;
			productReference = B012B0211B018E2D00382715 /* FirstBlood.app */;
			productType = "com.apple.product-type.application";
		};
		B012B03B1B018E2E00382715 /* FirstBloodTests */ = {
			isa = PBXNativeTarget;
			buildConfigurationList = B012B0501B018E2E00382715 /* Build configuration list for PBXNativeTarget "FirstBloodTests" */;
			buildPhases = (
				B012B0381B018E2E00382715 /* Sources */,
				B012B0391B018E2E00382715 /* Frameworks */,
				B012B03A1B018E2E00382715 /* Resources */,
			);
			buildRules = (
			);
			dependencies = (
				B012B0421B018E2E00382715 /* PBXTargetDependency */,
			);
			name = FirstBloodTests;
			productName = FirstBloodTests;
			productReference = B012B03C1B018E2E00382715 /* FirstBloodTests.xctest */;
			productType = "com.apple.product-type.bundle.unit-test";
		};
/* End PBXNativeTarget section */

/* Begin PBXProject section */
		B012B0191B018E2D00382715 /* Project object */ = {
			isa = PBXProject;
			attributes = {
				CLASSPREFIX = QF;
				LastUpgradeCheck = 0510;
				ORGANIZATIONNAME = qf;
				TargetAttributes = {
					B012B03B1B018E2E00382715 = {
						TestTargetID = B012B0201B018E2D00382715;
					};
				};
			};
			buildConfigurationList = B012B01C1B018E2D00382715 /* Build configuration list for PBXProject "FirstBlood" */;
			compatibilityVersion = "Xcode 3.2";
			developmentRegion = English;
			hasScannedForEncodings = 0;
			knownRegions = (
				en,
			);
			mainGroup = B012B0181B018E2D00382715;
			productRefGroup = B012B0221B018E2D00382715 /* Products */;
			projectDirPath = "";
			projectRoot = "";
			targets = (
				B012B0201B018E2D00382715 /* FirstBlood */,
				B012B03B1B018E2E00382715 /* FirstBloodTests */,
			);
		};
/* End PBXProject section */

/* Begin PBXResourcesBuildPhase section */
		B012B01F1B018E2D00382715 /* Resources */ = {
			isa = PBXResourcesBuildPhase;
			buildActionMask = 2147483647;
			files = (
				B012B02F1B018E2D00382715 /* InfoPlist.strings in Resources */,
				B012B0371B018E2D00382715 /* Images.xcassets in Resources */,
			);
			runOnlyForDeploymentPostprocessing = 0;
		};
		B012B03A1B018E2E00382715 /* Resources */ = {
			isa = PBXResourcesBuildPhase;
			buildActionMask = 2147483647;
			files = (
				B012B0481B018E2E00382715 /* InfoPlist.strings in Resources */,
			);
			runOnlyForDeploymentPostprocessing = 0;
		};
/* End PBXResourcesBuildPhase section */

/* Begin PBXSourcesBuildPhase section */
		B012B01D1B018E2D00382715 /* Sources */ = {
			isa = PBXSourcesBuildPhase;
			buildActionMask = 2147483647;
			files = (
				B012B0311B018E2D00382715 /* main.m in Sources */,
				B012B0351B018E2D00382715 /* QFAppDelegate.m in Sources */,
			);
			runOnlyForDeploymentPostprocessing = 0;
		};
		B012B0381B018E2E00382715 /* Sources */ = {
			isa = PBXSourcesBuildPhase;
			buildActionMask = 2147483647;
			files = (
				B012B04A1B018E2E00382715 /* FirstBloodTests.m in Sources */,
			);
			runOnlyForDeploymentPostprocessing = 0;
		};
/* End PBXSourcesBuildPhase section */

/* Begin PBXTargetDependency section */
		B012B0421B018E2E00382715 /* PBXTargetDependency */ = {
			isa = PBXTargetDependency;
			target = B012B0201B018E2D00382715 /* FirstBlood */;
			targetProxy = B012B0411B018E2E00382715 /* PBXContainerItemProxy */;
		};
/* End PBXTargetDependency section */

/* Begin PBXVariantGroup section */
		B012B02D1B018E2D00382715 /* InfoPlist.strings */ = {
			isa = PBXVariantGroup;
			children = (
				B012B02E1B018E2D00382715 /* en */,
			);
			name = InfoPlist.strings;
			sourceTree = "<group>";
		};
		B012B0461B018E2E00382715 /* InfoPlist.strings */ = {
			isa = PBXVariantGroup;
			children = (
				B012B0471B018E2E00382715 /* en */,
			);
			name = InfoPlist.strings;
			sourceTree = "<group>";
		};
/* End PBXVariantGroup section */

/* Begin XCBuildConfiguration section */
		B012B04B1B018E2E00382715 /* Debug */ = {
			isa = XCBuildConfiguration;
			buildSettings = {
				ALWAYS_SEARCH_USER_PATHS = NO;
				CLANG_CXX_LANGUAGE_STANDARD = "gnu++0x";
				CLANG_CXX_LIBRARY = "libc++";
				CLANG_ENABLE_MODULES = YES;
				CLANG_ENABLE_OBJC_ARC = YES;
				CLANG_WARN_BOOL_CONVERSION = YES;
				CLANG_WARN_CONSTANT_CONVERSION = YES;
				CLANG_WARN_DIRECT_OBJC_ISA_USAGE = YES_ERROR;
				CLANG_WARN_EMPTY_BODY = YES;
				CLANG_WARN_ENUM_CONVERSION = YES;
				CLANG_WARN_INT_CONVERSION = YES;
				CLANG_WARN_OBJC_ROOT_CLASS = YES_ERROR;
				CLANG_WARN__DUPLICATE_METHOD_MATCH = YES;
				"CODE_SIGN_IDENTITY[sdk=iphoneos*]" = "iPhone Developer";
				COPY_PHASE_STRIP = NO;
				GCC_C_LANGUAGE_STANDARD = gnu99;
				GCC_DYNAMIC_NO_PIC = NO;
				GCC_OPTIMIZATION_LEVEL = 0;
				GCC_PREPROCESSOR_DEFINITIONS = (
					"DEBUG=1",
					"$(inherited)",
				);
				GCC_SYMBOLS_PRIVATE_EXTERN = NO;
				GCC_WARN_64_TO_32_BIT_CONVERSION = YES;
				GCC_WARN_ABOUT_RETURN_TYPE = YES_ERROR;
				GCC_WARN_UNDECLARED_SELECTOR = YES;
				GCC_WARN_UNINITIALIZED_AUTOS = YES_AGGRESSIVE;
				GCC_WARN_UNUSED_FUNCTION = YES;
				GCC_WARN_UNUSED_VARIABLE = YES;
				IPHONEOS_DEPLOYMENT_TARGET = 7.1;
				ONLY_ACTIVE_ARCH = YES;
				SDKROOT = iphoneos;
			};
			name = Debug;
		};
		B012B04C1B018E2E00382715 /* Release */ = {
			isa = XCBuildConfiguration;
			buildSettings = {
				ALWAYS_SEARCH_USER_PATHS = NO;
				CLANG_CXX_LANGUAGE_STANDARD = "gnu++0x";
				CLANG_CXX_LIBRARY = "libc++";
				CLANG_ENABLE_MODULES = YES;
				CLANG_ENABLE_OBJC_ARC = YES;
				CLANG_WARN_BOOL_CONVERSION = YES;
				CLANG_WARN_CONSTANT_CONVERSION = YES;
				CLANG_WARN_DIRECT_OBJC_ISA_USAGE = YES_ERROR;
				CLANG_WARN_EMPTY_BODY = YES;
				CLANG_WARN_ENUM_CONVERSION = YES;
				CLANG_WARN_INT_CONVERSION = YES;
				CLANG_WARN_OBJC_ROOT_CLASS = YES_ERROR;
				CLANG_WARN__DUPLICATE_METHOD_MATCH = YES;
				"CODE_SIGN_IDENTITY[sdk=iphoneos*]" = "iPhone Developer";
				COPY_PHASE_STRIP = YES;
				ENABLE_NS_ASSERTIONS = NO;
				GCC_C_LANGUAGE_STANDARD = gnu99;
				GCC_WARN_64_TO_32_BIT_CONVERSION = YES;
				GCC_WARN_ABOUT_RETURN_TYPE = YES_ERROR;
				GCC_WARN_UNDECLARED_SELECTOR = YES;
				GCC_WARN_UNINITIALIZED_AUTOS = YES_AGGRESSIVE;
				GCC_WARN_UNUSED_FUNCTION = YES;
				GCC_WARN_UNUSED_VARIABLE = YES;
				IPHONEOS_DEPLOYMENT_TARGET = 7.1;
				SDKROOT = iphoneos;
				VALIDATE_PRODUCT = YES;
			};
			name = Release;
		};
		B012B04E1B018E2E00382715 /* Debug */ = {
			isa = XCBuildConfiguration;
			buildSettings = {
				ASSETCATALOG_COMPILER_APPICON_NAME = AppIcon;
				ASSETCATALOG_COMPILER_LAUNCHIMAGE_NAME = LaunchImage;
				GCC_PRECOMPILE_PREFIX_HEADER = YES;
				GCC_PREFIX_HEADER = "FirstBlood/FirstBlood-Prefix.pch";
				INFOPLIST_FILE = "FirstBlood/FirstBlood-Info.plist";
				PRODUCT_NAME = "$(TARGET_NAME)";
				WRAPPER_EXTENSION = app;
			};
			name = Debug;
		};
		B012B04F1B018E2E00382715 /* Release */ = {
			isa = XCBuildConfiguration;
			buildSettings = {
				ASSETCATALOG_COMPILER_APPICON_NAME = AppIcon;
				ASSETCATALOG_COMPILER_LAUNCHIMAGE_NAME = LaunchImage;
				GCC_PRECOMPILE_PREFIX_HEADER = YES;
				GCC_PREFIX_HEADER = "FirstBlood/FirstBlood-Prefix.pch";
				INFOPLIST_FILE = "FirstBlood/FirstBlood-Info.plist";
				PRODUCT_NAME = "$(TARGET_NAME)";
				WRAPPER_EXTENSION = app;
			};
			name = Release;
		};
		B012B0511B018E2E00382715 /* Debug */ = {
			isa = XCBuildConfiguration;
			buildSettings = {
				BUNDLE_LOADER = "$(BUILT_PRODUCTS_DIR)/FirstBlood.app/FirstBlood";
				FRAMEWORK_SEARCH_PATHS = (
					"$(SDKROOT)/Developer/Library/Frameworks",
					"$(inherited)",
					"$(DEVELOPER_FRAMEWORKS_DIR)",
				);
				GCC_PRECOMPILE_PREFIX_HEADER = YES;
				GCC_PREFIX_HEADER = "FirstBlood/FirstBlood-Prefix.pch";
				GCC_PREPROCESSOR_DEFINITIONS = (
					"DEBUG=1",
					"$(inherited)",
				);
				INFOPLIST_FILE = "FirstBloodTests/FirstBloodTests-Info.plist";
				PRODUCT_NAME = "$(TARGET_NAME)";
				TEST_HOST = "$(BUNDLE_LOADER)";
				WRAPPER_EXTENSION = xctest;
			};
			name = Debug;
		};
		B012B0521B018E2E00382715 /* Release */ = {
			isa = XCBuildConfiguration;
			buildSettings = {
				BUNDLE_LOADER = "$(BUILT_PRODUCTS_DIR)/FirstBlood.app/FirstBlood";
				FRAMEWORK_SEARCH_PATHS = (
					"$(SDKROOT)/Developer/Library/Frameworks",
					"$(inherited)",
					"$(DEVELOPER_FRAMEWORKS_DIR)",
				);
				GCC_PRECOMPILE_PREFIX_HEADER = YES;
				GCC_PREFIX_HEADER = "FirstBlood/FirstBlood-Prefix.pch";
				INFOPLIST_FILE = "FirstBloodTests/FirstBloodTests-Info.plist";
				PRODUCT_NAME = "$(TARGET_NAME)";
				TEST_HOST = "$(BUNDLE_LOADER)";
				WRAPPER_EXTENSION = xctest;
			};
			name = Release;
		};
/* End XCBuildConfiguration section */

/* Begin XCConfigurationList section */
		B012B01C1B018E2D00382715 /* Build configuration list for PBXProject "FirstBlood" */ = {
			isa = XCConfigurationList;
			buildConfigurations = (
				B012B04B1B018E2E00382715 /* Debug */,
				B012B04C1B018E2E00382715 /* Release */,
			);
			defaultConfigurationIsVisible = 0;
			defaultConfigurationName = Release;
		};
		B012B04D1B018E2E00382715 /* Build configuration list for PBXNativeTarget "FirstBlood" */ = {
			isa = XCConfigurationList;
			buildConfigurations = (
				B012B04E1B018E2E00382715 /* Debug */,
				B012B04F1B018E2E00382715 /* Release */,
			);
			defaultConfigurationIsVisible = 0;
		};
		B012B0501B018E2E00382715 /* Build configuration list for PBXNativeTarget "FirstBloodTests" */ = {
			isa = XCConfigurationList;
			buildConfigurations = (
				B012B0511B018E2E00382715 /* Debug */,
				B012B0521B018E2E00382715 /* Release */,
			);
			defaultConfigurationIsVisible = 0;
		};
/* End XCConfigurationList section */
	};
	rootObject = B012B0191B018E2D00382715 /* Project object */;
}
